
Microsoft Visual Studio Solution File, Format Version 12.00
# Visual Studio 15
VisualStudioVersion = 15.0.28307.329
MinimumVisualStudioVersion = 10.0.40219.1
Project("{FAE04EC0-301F-11D3-BF4B-00C04F79EFBC}") = "WebScraper.Scraper", "WebScraper.Scraper\WebScraper.Scraper.csproj", "{8A825B43-E94D-4614-8B43-94ACFEDF892A}"
EndProject
Project("{2150E333-8FDC-42A3-9474-1A3956D46DE8}") = "Solution Items", "Solution Items", "{490D63A9-8962-4E46-8284-0AA03B221472}"
	ProjectSection(SolutionItems) = preProject
		TutorialReference.txt = TutorialReference.txt
	EndProjectSection
EndProject
Global
	GlobalSection(SolutionConfigurationPlatforms) = preSolution
		Debug|Any CPU = Debug|Any CPU
		Release|Any CPU = Release|Any CPU
	EndGlobalSection
	GlobalSection(ProjectConfigurationPlatforms) = postSolution
		{8A825B43-E94D-4614-8B43-94ACFEDF892A}.Debug|Any CPU.ActiveCfg = Debug|Any CPU
		{8A825B43-E94D-4614-8B43-94ACFEDF892A}.Debug|Any CPU.Build.0 = Debug|Any CPU
		{8A825B43-E94D-4614-8B43-94ACFEDF892A}.Release|Any CPU.ActiveCfg = Release|Any CPU
		{8A825B43-E94D-4614-8B43-94ACFEDF892A}.Release|Any CPU.Build.0 = Release|Any CPU
	EndGlobalSection
	GlobalSection(SolutionProperties) = preSolution
		HideSolutionNode = FALSE
	EndGlobalSection
	GlobalSection(ExtensibilityGlobals) = postSolution
		SolutionGuid = {AE08608C-15FA-400F-92D8-378FFAF858F0}
	EndGlobalSection
EndGlobal
